// !$*UTF8*$!
{
	archiveVersion = 1;
	classes = {
	};
	objectVersion = 46;
	objects = {

/* Begin PBXBuildFile section */
		6C5473C9188405130069E62B /* Foundation.framework in Frameworks */ = {isa = PBXBuildFile; fileRef = 6C5473C8188405130069E62B /* Foundation.framework */; };
		6C5473CB188405130069E62B /* CoreGraphics.framework in Frameworks */ = {isa = PBXBuildFile; fileRef = 6C5473CA188405130069E62B /* CoreGraphics.framework */; };
		6C5473CD188405130069E62B /* UIKit.framework in Frameworks */ = {isa = PBXBuildFile; fileRef = 6C5473CC188405130069E62B /* UIKit.framework */; };
		6C5473D3188405130069E62B /* InfoPlist.strings in Resources */ = {isa = PBXBuildFile; fileRef = 6C5473D1188405130069E62B /* InfoPlist.strings */; };
		6C5473D5188405130069E62B /* main.m in Sources */ = {isa = PBXBuildFile; fileRef = 6C5473D4188405130069E62B /* main.m */; };
		6C5473D9188405130069E62B /* AppDelegate.m in Sources */ = {isa = PBXBuildFile; fileRef = 6C5473D8188405130069E62B /* AppDelegate.m */; };
		6C5473DC188405130069E62B /* Main_iPhone.storyboard in Resources */ = {isa = PBXBuildFile; fileRef = 6C5473DA188405130069E62B /* Main_iPhone.storyboard */; };
		6C5473DF188405130069E62B /* Main_iPad.storyboard in Resources */ = {isa = PBXBuildFile; fileRef = 6C5473DD188405130069E62B /* Main_iPad.storyboard */; };
		6C5473E7188405130069E62B /* Images.xcassets in Resources */ = {isa = PBXBuildFile; fileRef = 6C5473E6188405130069E62B /* Images.xcassets */; };
		6C5473EE188405130069E62B /* XCTest.framework in Frameworks */ = {isa = PBXBuildFile; fileRef = 6C5473ED188405130069E62B /* XCTest.framework */; };
		6C5473EF188405140069E62B /* Foundation.framework in Frameworks */ = {isa = PBXBuildFile; fileRef = 6C5473C8188405130069E62B /* Foundation.framework */; };
		6C5473F0188405140069E62B /* UIKit.framework in Frameworks */ = {isa = PBXBuildFile; fileRef = 6C5473CC188405130069E62B /* UIKit.framework */; };
		6C6472CC18ABD845001028DE /* CartViewController.m in Sources */ = {isa = PBXBuildFile; fileRef = 6C6472CB18ABD845001028DE /* CartViewController.m */; };
		6CBAF2C118AB3FF100426647 /* CartItemModel.m in Sources */ = {isa = PBXBuildFile; fileRef = 6CBAF29C18AB3FF100426647 /* CartItemModel.m */; };
		6CBAF2C218AB3FF100426647 /* CategoryModel.m in Sources */ = {isa = PBXBuildFile; fileRef = 6CBAF29E18AB3FF100426647 /* CategoryModel.m */; };
		6CBAF2C318AB3FF100426647 /* ChildrenModel.m in Sources */ = {isa = PBXBuildFile; fileRef = 6CBAF2A018AB3FF100426647 /* ChildrenModel.m */; };
		6CBAF2C418AB3FF100426647 /* GoodModel.m in Sources */ = {isa = PBXBuildFile; fileRef = 6CBAF2A218AB3FF100426647 /* GoodModel.m */; };
		6CBAF2C518AB3FF100426647 /* ImageModel.m in Sources */ = {isa = PBXBuildFile; fileRef = 6CBAF2A418AB3FF100426647 /* ImageModel.m */; };
		6CBAF2C618AB3FF100426647 /* ItemModel.m in Sources */ = {isa = PBXBuildFile; fileRef = 6CBAF2A618AB3FF100426647 /* ItemModel.m */; };
		6CBAF2C718AB3FF100426647 /* JSONModel.m in Sources */ = {isa = PBXBuildFile; fileRef = 6CBAF2AA18AB3FF100426647 /* JSONModel.m */; };
		6CBAF2C818AB3FF100426647 /* JSONModelArray.m in Sources */ = {isa = PBXBuildFile; fileRef = 6CBAF2AC18AB3FF100426647 /* JSONModelArray.m */; };
		6CBAF2C918AB3FF100426647 /* JSONModelClassProperty.m in Sources */ = {isa = PBXBuildFile; fileRef = 6CBAF2AE18AB3FF100426647 /* JSONModelClassProperty.m */; };
		6CBAF2CA18AB3FF100426647 /* JSONModelError.m in Sources */ = {isa = PBXBuildFile; fileRef = 6CBAF2B018AB3FF100426647 /* JSONModelError.m */; };
		6CBAF2CB18AB3FF100426647 /* NSArray+JSONModel.m in Sources */ = {isa = PBXBuildFile; fileRef = 6CBAF2B318AB3FF100426647 /* NSArray+JSONModel.m */; };
		6CBAF2CC18AB3FF100426647 /* JSONAPI.m in Sources */ = {isa = PBXBuildFile; fileRef = 6CBAF2B718AB3FF100426647 /* JSONAPI.m */; };
		6CBAF2CD18AB3FF100426647 /* JSONHTTPClient.m in Sources */ = {isa = PBXBuildFile; fileRef = 6CBAF2B918AB3FF100426647 /* JSONHTTPClient.m */; };
		6CBAF2CE18AB3FF100426647 /* JSONModel+networking.m in Sources */ = {isa = PBXBuildFile; fileRef = 6CBAF2BB18AB3FF100426647 /* JSONModel+networking.m */; };
		6CBAF2CF18AB3FF100426647 /* JSONKeyMapper.m in Sources */ = {isa = PBXBuildFile; fileRef = 6CBAF2BE18AB3FF100426647 /* JSONKeyMapper.m */; };
		6CBAF2D018AB3FF100426647 /* JSONValueTransformer.m in Sources */ = {isa = PBXBuildFile; fileRef = 6CBAF2C018AB3FF100426647 /* JSONValueTransformer.m */; };
		6CBAF2DC18AB3FFE00426647 /* CartItemCell.m in Sources */ = {isa = PBXBuildFile; fileRef = 6CBAF2D318AB3FFE00426647 /* CartItemCell.m */; };
		6CBAF2DD18AB3FFE00426647 /* CVCell.m in Sources */ = {isa = PBXBuildFile; fileRef = 6CBAF2D518AB3FFE00426647 /* CVCell.m */; };
		6CBAF2DE18AB3FFE00426647 /* ItemCardCell.m in Sources */ = {isa = PBXBuildFile; fileRef = 6CBAF2D718AB3FFE00426647 /* ItemCardCell.m */; };
		6CBAF2DF18AB3FFE00426647 /* ItemCell.m in Sources */ = {isa = PBXBuildFile; fileRef = 6CBAF2D918AB3FFE00426647 /* ItemCell.m */; };
		6CBAF2E018AB3FFE00426647 /* TVCell.m in Sources */ = {isa = PBXBuildFile; fileRef = 6CBAF2DB18AB3FFE00426647 /* TVCell.m */; };
		6CBAF2EC18AB401B00426647 /* GridItemsVC.m in Sources */ = {isa = PBXBuildFile; fileRef = 6CBAF2E318AB401B00426647 /* GridItemsVC.m */; };
		6CBAF2ED18AB401B00426647 /* IndexedCV.m in Sources */ = {isa = PBXBuildFile; fileRef = 6CBAF2E518AB401B00426647 /* IndexedCV.m */; };
		6CBAF2EE18AB401B00426647 /* ItemCardViewController.m in Sources */ = {isa = PBXBuildFile; fileRef = 6CBAF2E718AB401B00426647 /* ItemCardViewController.m */; };
		6CBAF2F018AB401B00426647 /* TVController.m in Sources */ = {isa = PBXBuildFile; fileRef = 6CBAF2EB18AB401B00426647 /* TVController.m */; };
		6CBF686D1890E22B003ED717 /* btnCheck.png in Resources */ = {isa = PBXBuildFile; fileRef = 6CBF68671890E22B003ED717 /* btnCheck.png */; };
		6CBF686E1890E22B003ED717 /* btnCheck@2x.png in Resources */ = {isa = PBXBuildFile; fileRef = 6CBF68681890E22B003ED717 /* btnCheck@2x.png */; };
		6CBF686F1890E22B003ED717 /* HUD.m in Sources */ = {isa = PBXBuildFile; fileRef = 6CBF686A1890E22B003ED717 /* HUD.m */; };
		6CBF68701890E22B003ED717 /* MBProgressHUD.m in Sources */ = {isa = PBXBuildFile; fileRef = 6CBF686C1890E22B003ED717 /* MBProgressHUD.m */; };
		6CBF689818913082003ED717 /* MKAnnotationView+WebCache.m in Sources */ = {isa = PBXBuildFile; fileRef = 6CBF687C18913082003ED717 /* MKAnnotationView+WebCache.m */; };
		6CBF689918913082003ED717 /* NSData+ImageContentType.m in Sources */ = {isa = PBXBuildFile; fileRef = 6CBF687E18913082003ED717 /* NSData+ImageContentType.m */; };
		6CBF689A18913082003ED717 /* SDImageCache.m in Sources */ = {isa = PBXBuildFile; fileRef = 6CBF688018913082003ED717 /* SDImageCache.m */; };
		6CBF689B18913082003ED717 /* SDWebImageCompat.m in Sources */ = {isa = PBXBuildFile; fileRef = 6CBF688218913082003ED717 /* SDWebImageCompat.m */; };
		6CBF689C18913082003ED717 /* SDWebImageDecoder.m in Sources */ = {isa = PBXBuildFile; fileRef = 6CBF688418913082003ED717 /* SDWebImageDecoder.m */; };
		6CBF689D18913082003ED717 /* SDWebImageDownloader.m in Sources */ = {isa = PBXBuildFile; fileRef = 6CBF688618913082003ED717 /* SDWebImageDownloader.m */; };
		6CBF689E18913082003ED717 /* SDWebImageDownloaderOperation.m in Sources */ = {isa = PBXBuildFile; fileRef = 6CBF688818913082003ED717 /* SDWebImageDownloaderOperation.m */; };
		6CBF689F18913082003ED717 /* SDWebImageManager.m in Sources */ = {isa = PBXBuildFile; fileRef = 6CBF688A18913082003ED717 /* SDWebImageManager.m */; };
		6CBF68A018913082003ED717 /* SDWebImagePrefetcher.m in Sources */ = {isa = PBXBuildFile; fileRef = 6CBF688D18913082003ED717 /* SDWebImagePrefetcher.m */; };
		6CBF68A118913082003ED717 /* UIButton+WebCache.m in Sources */ = {isa = PBXBuildFile; fileRef = 6CBF688F18913082003ED717 /* UIButton+WebCache.m */; };
		6CBF68A218913082003ED717 /* UIImage+GIF.m in Sources */ = {isa = PBXBuildFile; fileRef = 6CBF689118913082003ED717 /* UIImage+GIF.m */; };
		6CBF68A318913082003ED717 /* UIImage+MultiFormat.m in Sources */ = {isa = PBXBuildFile; fileRef = 6CBF689318913082003ED717 /* UIImage+MultiFormat.m */; };
		6CBF68A418913082003ED717 /* UIImage+WebP.m in Sources */ = {isa = PBXBuildFile; fileRef = 6CBF689518913082003ED717 /* UIImage+WebP.m */; };
		6CBF68A518913082003ED717 /* UIImageView+WebCache.m in Sources */ = {isa = PBXBuildFile; fileRef = 6CBF689718913082003ED717 /* UIImageView+WebCache.m */; };
		6CBF68A718913097003ED717 /* ImageIO.framework in Frameworks */ = {isa = PBXBuildFile; fileRef = 6CBF68A618913097003ED717 /* ImageIO.framework */; };
		6CDFB1E318A8E66000651AC5 /* RaenAPI.m in Sources */ = {isa = PBXBuildFile; fileRef = 6CDFB1E218A8E66000651AC5 /* RaenAPI.m */; };
/* End PBXBuildFile section */

/* Begin PBXContainerItemProxy section */
		6C5473F1188405140069E62B /* PBXContainerItemProxy */ = {
			isa = PBXContainerItemProxy;
			containerPortal = 6C5473BD188405130069E62B /* Project object */;
			proxyType = 1;
			remoteGlobalIDString = 6C5473C4188405130069E62B;
			remoteInfo = raen;
		};
/* End PBXContainerItemProxy section */

/* Begin PBXFileReference section */
		6C5473C5188405130069E62B /* raenapp.app */ = {isa = PBXFileReference; explicitFileType = wrapper.application; includeInIndex = 0; path = raenapp.app; sourceTree = BUILT_PRODUCTS_DIR; };
		6C5473C8188405130069E62B /* Foundation.framework */ = {isa = PBXFileReference; lastKnownFileType = wrapper.framework; name = Foundation.framework; path = System/Library/Frameworks/Foundation.framework; sourceTree = SDKROOT; };
		6C5473CA188405130069E62B /* CoreGraphics.framework */ = {isa = PBXFileReference; lastKnownFileType = wrapper.framework; name = CoreGraphics.framework; path = System/Library/Frameworks/CoreGraphics.framework; sourceTree = SDKROOT; };
		6C5473CC188405130069E62B /* UIKit.framework */ = {isa = PBXFileReference; lastKnownFileType = wrapper.framework; name = UIKit.framework; path = System/Library/Frameworks/UIKit.framework; sourceTree = SDKROOT; };
		6C5473D0188405130069E62B /* raenapp-Info.plist */ = {isa = PBXFileReference; lastKnownFileType = text.plist.xml; path = "raenapp-Info.plist"; sourceTree = "<group>"; };
		6C5473D2188405130069E62B /* en */ = {isa = PBXFileReference; lastKnownFileType = text.plist.strings; name = en; path = en.lproj/InfoPlist.strings; sourceTree = "<group>"; };
		6C5473D4188405130069E62B /* main.m */ = {isa = PBXFileReference; lastKnownFileType = sourcecode.c.objc; path = main.m; sourceTree = "<group>"; };
		6C5473D6188405130069E62B /* raenapp-Prefix.pch */ = {isa = PBXFileReference; lastKnownFileType = sourcecode.c.h; path = "raenapp-Prefix.pch"; sourceTree = "<group>"; };
		6C5473D7188405130069E62B /* AppDelegate.h */ = {isa = PBXFileReference; lastKnownFileType = sourcecode.c.h; path = AppDelegate.h; sourceTree = "<group>"; };
		6C5473D8188405130069E62B /* AppDelegate.m */ = {isa = PBXFileReference; lastKnownFileType = sourcecode.c.objc; path = AppDelegate.m; sourceTree = "<group>"; };
		6C5473DB188405130069E62B /* Base */ = {isa = PBXFileReference; lastKnownFileType = file.storyboard; name = Base; path = Base.lproj/Main_iPhone.storyboard; sourceTree = "<group>"; };
		6C5473DE188405130069E62B /* Base */ = {isa = PBXFileReference; lastKnownFileType = file.storyboard; name = Base; path = Base.lproj/Main_iPad.storyboard; sourceTree = "<group>"; };
		6C5473E6188405130069E62B /* Images.xcassets */ = {isa = PBXFileReference; lastKnownFileType = folder.assetcatalog; path = Images.xcassets; sourceTree = "<group>"; };
		6C5473EC188405130069E62B /* raenappTests.xctest */ = {isa = PBXFileReference; explicitFileType = wrapper.cfbundle; includeInIndex = 0; path = raenappTests.xctest; sourceTree = BUILT_PRODUCTS_DIR; };
		6C5473ED188405130069E62B /* XCTest.framework */ = {isa = PBXFileReference; lastKnownFileType = wrapper.framework; name = XCTest.framework; path = Library/Frameworks/XCTest.framework; sourceTree = DEVELOPER_DIR; };
		6C6472CA18ABD845001028DE /* CartViewController.h */ = {isa = PBXFileReference; fileEncoding = 4; lastKnownFileType = sourcecode.c.h; path = CartViewController.h; sourceTree = "<group>"; };
		6C6472CB18ABD845001028DE /* CartViewController.m */ = {isa = PBXFileReference; fileEncoding = 4; lastKnownFileType = sourcecode.c.objc; path = CartViewController.m; sourceTree = "<group>"; };
		6CBAF29B18AB3FF100426647 /* CartItemModel.h */ = {isa = PBXFileReference; fileEncoding = 4; lastKnownFileType = sourcecode.c.h; path = CartItemModel.h; sourceTree = "<group>"; };
		6CBAF29C18AB3FF100426647 /* CartItemModel.m */ = {isa = PBXFileReference; fileEncoding = 4; lastKnownFileType = sourcecode.c.objc; path = CartItemModel.m; sourceTree = "<group>"; };
		6CBAF29D18AB3FF100426647 /* CategoryModel.h */ = {isa = PBXFileReference; fileEncoding = 4; lastKnownFileType = sourcecode.c.h; path = CategoryModel.h; sourceTree = "<group>"; };
		6CBAF29E18AB3FF100426647 /* CategoryModel.m */ = {isa = PBXFileReference; fileEncoding = 4; lastKnownFileType = sourcecode.c.objc; path = CategoryModel.m; sourceTree = "<group>"; };
		6CBAF29F18AB3FF100426647 /* ChildrenModel.h */ = {isa = PBXFileReference; fileEncoding = 4; lastKnownFileType = sourcecode.c.h; path = ChildrenModel.h; sourceTree = "<group>"; };
		6CBAF2A018AB3FF100426647 /* ChildrenModel.m */ = {isa = PBXFileReference; fileEncoding = 4; lastKnownFileType = sourcecode.c.objc; path = ChildrenModel.m; sourceTree = "<group>"; };
		6CBAF2A118AB3FF100426647 /* GoodModel.h */ = {isa = PBXFileReference; fileEncoding = 4; lastKnownFileType = sourcecode.c.h; path = GoodModel.h; sourceTree = "<group>"; };
		6CBAF2A218AB3FF100426647 /* GoodModel.m */ = {isa = PBXFileReference; fileEncoding = 4; lastKnownFileType = sourcecode.c.objc; path = GoodModel.m; sourceTree = "<group>"; };
		6CBAF2A318AB3FF100426647 /* ImageModel.h */ = {isa = PBXFileReference; fileEncoding = 4; lastKnownFileType = sourcecode.c.h; path = ImageModel.h; sourceTree = "<group>"; };
		6CBAF2A418AB3FF100426647 /* ImageModel.m */ = {isa = PBXFileReference; fileEncoding = 4; lastKnownFileType = sourcecode.c.objc; path = ImageModel.m; sourceTree = "<group>"; };
		6CBAF2A518AB3FF100426647 /* ItemModel.h */ = {isa = PBXFileReference; fileEncoding = 4; lastKnownFileType = sourcecode.c.h; path = ItemModel.h; sourceTree = "<group>"; };
		6CBAF2A618AB3FF100426647 /* ItemModel.m */ = {isa = PBXFileReference; fileEncoding = 4; lastKnownFileType = sourcecode.c.objc; path = ItemModel.m; sourceTree = "<group>"; };
		6CBAF2A918AB3FF100426647 /* JSONModel.h */ = {isa = PBXFileReference; fileEncoding = 4; lastKnownFileType = sourcecode.c.h; path = JSONModel.h; sourceTree = "<group>"; };
		6CBAF2AA18AB3FF100426647 /* JSONModel.m */ = {isa = PBXFileReference; fileEncoding = 4; lastKnownFileType = sourcecode.c.objc; path = JSONModel.m; sourceTree = "<group>"; };
		6CBAF2AB18AB3FF100426647 /* JSONModelArray.h */ = {isa = PBXFileReference; fileEncoding = 4; lastKnownFileType = sourcecode.c.h; path = JSONModelArray.h; sourceTree = "<group>"; };
		6CBAF2AC18AB3FF100426647 /* JSONModelArray.m */ = {isa = PBXFileReference; fileEncoding = 4; lastKnownFileType = sourcecode.c.objc; path = JSONModelArray.m; sourceTree = "<group>"; };
		6CBAF2AD18AB3FF100426647 /* JSONModelClassProperty.h */ = {isa = PBXFileReference; fileEncoding = 4; lastKnownFileType = sourcecode.c.h; path = JSONModelClassProperty.h; sourceTree = "<group>"; };
		6CBAF2AE18AB3FF100426647 /* JSONModelClassProperty.m */ = {isa = PBXFileReference; fileEncoding = 4; lastKnownFileType = sourcecode.c.objc; path = JSONModelClassProperty.m; sourceTree = "<group>"; };
		6CBAF2AF18AB3FF100426647 /* JSONModelError.h */ = {isa = PBXFileReference; fileEncoding = 4; lastKnownFileType = sourcecode.c.h; path = JSONModelError.h; sourceTree = "<group>"; };
		6CBAF2B018AB3FF100426647 /* JSONModelError.m */ = {isa = PBXFileReference; fileEncoding = 4; lastKnownFileType = sourcecode.c.objc; path = JSONModelError.m; sourceTree = "<group>"; };
		6CBAF2B218AB3FF100426647 /* NSArray+JSONModel.h */ = {isa = PBXFileReference; fileEncoding = 4; lastKnownFileType = sourcecode.c.h; path = "NSArray+JSONModel.h"; sourceTree = "<group>"; };
		6CBAF2B318AB3FF100426647 /* NSArray+JSONModel.m */ = {isa = PBXFileReference; fileEncoding = 4; lastKnownFileType = sourcecode.c.objc; path = "NSArray+JSONModel.m"; sourceTree = "<group>"; };
		6CBAF2B418AB3FF100426647 /* JSONModelLib.h */ = {isa = PBXFileReference; fileEncoding = 4; lastKnownFileType = sourcecode.c.h; path = JSONModelLib.h; sourceTree = "<group>"; };
		6CBAF2B618AB3FF100426647 /* JSONAPI.h */ = {isa = PBXFileReference; fileEncoding = 4; lastKnownFileType = sourcecode.c.h; path = JSONAPI.h; sourceTree = "<group>"; };
		6CBAF2B718AB3FF100426647 /* JSONAPI.m */ = {isa = PBXFileReference; fileEncoding = 4; lastKnownFileType = sourcecode.c.objc; path = JSONAPI.m; sourceTree = "<group>"; };
		6CBAF2B818AB3FF100426647 /* JSONHTTPClient.h */ = {isa = PBXFileReference; fileEncoding = 4; lastKnownFileType = sourcecode.c.h; path = JSONHTTPClient.h; sourceTree = "<group>"; };
		6CBAF2B918AB3FF100426647 /* JSONHTTPClient.m */ = {isa = PBXFileReference; fileEncoding = 4; lastKnownFileType = sourcecode.c.objc; path = JSONHTTPClient.m; sourceTree = "<group>"; };
		6CBAF2BA18AB3FF100426647 /* JSONModel+networking.h */ = {isa = PBXFileReference; fileEncoding = 4; lastKnownFileType = sourcecode.c.h; path = "JSONModel+networking.h"; sourceTree = "<group>"; };
		6CBAF2BB18AB3FF100426647 /* JSONModel+networking.m */ = {isa = PBXFileReference; fileEncoding = 4; lastKnownFileType = sourcecode.c.objc; path = "JSONModel+networking.m"; sourceTree = "<group>"; };
		6CBAF2BD18AB3FF100426647 /* JSONKeyMapper.h */ = {isa = PBXFileReference; fileEncoding = 4; lastKnownFileType = sourcecode.c.h; path = JSONKeyMapper.h; sourceTree = "<group>"; };
		6CBAF2BE18AB3FF100426647 /* JSONKeyMapper.m */ = {isa = PBXFileReference; fileEncoding = 4; lastKnownFileType = sourcecode.c.objc; path = JSONKeyMapper.m; sourceTree = "<group>"; };
		6CBAF2BF18AB3FF100426647 /* JSONValueTransformer.h */ = {isa = PBXFileReference; fileEncoding = 4; lastKnownFileType = sourcecode.c.h; path = JSONValueTransformer.h; sourceTree = "<group>"; };
		6CBAF2C018AB3FF100426647 /* JSONValueTransformer.m */ = {isa = PBXFileReference; fileEncoding = 4; lastKnownFileType = sourcecode.c.objc; path = JSONValueTransformer.m; sourceTree = "<group>"; };
		6CBAF2D218AB3FFE00426647 /* CartItemCell.h */ = {isa = PBXFileReference; fileEncoding = 4; lastKnownFileType = sourcecode.c.h; path = CartItemCell.h; sourceTree = "<group>"; };
		6CBAF2D318AB3FFE00426647 /* CartItemCell.m */ = {isa = PBXFileReference; fileEncoding = 4; lastKnownFileType = sourcecode.c.objc; path = CartItemCell.m; sourceTree = "<group>"; };
		6CBAF2D418AB3FFE00426647 /* CVCell.h */ = {isa = PBXFileReference; fileEncoding = 4; lastKnownFileType = sourcecode.c.h; path = CVCell.h; sourceTree = "<group>"; };
		6CBAF2D518AB3FFE00426647 /* CVCell.m */ = {isa = PBXFileReference; fileEncoding = 4; lastKnownFileType = sourcecode.c.objc; path = CVCell.m; sourceTree = "<group>"; };
		6CBAF2D618AB3FFE00426647 /* ItemCardCell.h */ = {isa = PBXFileReference; fileEncoding = 4; lastKnownFileType = sourcecode.c.h; path = ItemCardCell.h; sourceTree = "<group>"; };
		6CBAF2D718AB3FFE00426647 /* ItemCardCell.m */ = {isa = PBXFileReference; fileEncoding = 4; lastKnownFileType = sourcecode.c.objc; path = ItemCardCell.m; sourceTree = "<group>"; };
		6CBAF2D818AB3FFE00426647 /* ItemCell.h */ = {isa = PBXFileReference; fileEncoding = 4; lastKnownFileType = sourcecode.c.h; path = ItemCell.h; sourceTree = "<group>"; };
		6CBAF2D918AB3FFE00426647 /* ItemCell.m */ = {isa = PBXFileReference; fileEncoding = 4; lastKnownFileType = sourcecode.c.objc; path = ItemCell.m; sourceTree = "<group>"; };
		6CBAF2DA18AB3FFE00426647 /* TVCell.h */ = {isa = PBXFileReference; fileEncoding = 4; lastKnownFileType = sourcecode.c.h; path = TVCell.h; sourceTree = "<group>"; };
		6CBAF2DB18AB3FFE00426647 /* TVCell.m */ = {isa = PBXFileReference; fileEncoding = 4; lastKnownFileType = sourcecode.c.objc; path = TVCell.m; sourceTree = "<group>"; };
		6CBAF2E218AB401B00426647 /* GridItemsVC.h */ = {isa = PBXFileReference; fileEncoding = 4; lastKnownFileType = sourcecode.c.h; path = GridItemsVC.h; sourceTree = "<group>"; };
		6CBAF2E318AB401B00426647 /* GridItemsVC.m */ = {isa = PBXFileReference; fileEncoding = 4; lastKnownFileType = sourcecode.c.objc; path = GridItemsVC.m; sourceTree = "<group>"; };
		6CBAF2E418AB401B00426647 /* IndexedCV.h */ = {isa = PBXFileReference; fileEncoding = 4; lastKnownFileType = sourcecode.c.h; path = IndexedCV.h; sourceTree = "<group>"; };
		6CBAF2E518AB401B00426647 /* IndexedCV.m */ = {isa = PBXFileReference; fileEncoding = 4; lastKnownFileType = sourcecode.c.objc; path = IndexedCV.m; sourceTree = "<group>"; };
		6CBAF2E618AB401B00426647 /* ItemCardViewController.h */ = {isa = PBXFileReference; fileEncoding = 4; lastKnownFileType = sourcecode.c.h; path = ItemCardViewController.h; sourceTree = "<group>"; };
		6CBAF2E718AB401B00426647 /* ItemCardViewController.m */ = {isa = PBXFileReference; fileEncoding = 4; lastKnownFileType = sourcecode.c.objc; path = ItemCardViewController.m; sourceTree = "<group>"; };
		6CBAF2EA18AB401B00426647 /* TVController.h */ = {isa = PBXFileReference; fileEncoding = 4; lastKnownFileType = sourcecode.c.h; path = TVController.h; sourceTree = "<group>"; };
		6CBAF2EB18AB401B00426647 /* TVController.m */ = {isa = PBXFileReference; fileEncoding = 4; lastKnownFileType = sourcecode.c.objc; path = TVController.m; sourceTree = "<group>"; };
		6CBF68671890E22B003ED717 /* btnCheck.png */ = {isa = PBXFileReference; lastKnownFileType = image.png; path = btnCheck.png; sourceTree = "<group>"; };
		6CBF68681890E22B003ED717 /* btnCheck@2x.png */ = {isa = PBXFileReference; lastKnownFileType = image.png; path = "btnCheck@2x.png"; sourceTree = "<group>"; };
		6CBF68691890E22B003ED717 /* HUD.h */ = {isa = PBXFileReference; fileEncoding = 4; lastKnownFileType = sourcecode.c.h; path = HUD.h; sourceTree = "<group>"; };
		6CBF686A1890E22B003ED717 /* HUD.m */ = {isa = PBXFileReference; fileEncoding = 4; lastKnownFileType = sourcecode.c.objc; path = HUD.m; sourceTree = "<group>"; };
		6CBF686B1890E22B003ED717 /* MBProgressHUD.h */ = {isa = PBXFileReference; fileEncoding = 4; lastKnownFileType = sourcecode.c.h; path = MBProgressHUD.h; sourceTree = "<group>"; };
		6CBF686C1890E22B003ED717 /* MBProgressHUD.m */ = {isa = PBXFileReference; fileEncoding = 4; lastKnownFileType = sourcecode.c.objc; path = MBProgressHUD.m; sourceTree = "<group>"; };
		6CBF687B18913082003ED717 /* MKAnnotationView+WebCache.h */ = {isa = PBXFileReference; fileEncoding = 4; lastKnownFileType = sourcecode.c.h; path = "MKAnnotationView+WebCache.h"; sourceTree = "<group>"; };
		6CBF687C18913082003ED717 /* MKAnnotationView+WebCache.m */ = {isa = PBXFileReference; fileEncoding = 4; lastKnownFileType = sourcecode.c.objc; path = "MKAnnotationView+WebCache.m"; sourceTree = "<group>"; };
		6CBF687D18913082003ED717 /* NSData+ImageContentType.h */ = {isa = PBXFileReference; fileEncoding = 4; lastKnownFileType = sourcecode.c.h; path = "NSData+ImageContentType.h"; sourceTree = "<group>"; };
		6CBF687E18913082003ED717 /* NSData+ImageContentType.m */ = {isa = PBXFileReference; fileEncoding = 4; lastKnownFileType = sourcecode.c.objc; path = "NSData+ImageContentType.m"; sourceTree = "<group>"; };
		6CBF687F18913082003ED717 /* SDImageCache.h */ = {isa = PBXFileReference; fileEncoding = 4; lastKnownFileType = sourcecode.c.h; path = SDImageCache.h; sourceTree = "<group>"; };
		6CBF688018913082003ED717 /* SDImageCache.m */ = {isa = PBXFileReference; fileEncoding = 4; lastKnownFileType = sourcecode.c.objc; path = SDImageCache.m; sourceTree = "<group>"; };
		6CBF688118913082003ED717 /* SDWebImageCompat.h */ = {isa = PBXFileReference; fileEncoding = 4; lastKnownFileType = sourcecode.c.h; path = SDWebImageCompat.h; sourceTree = "<group>"; };
		6CBF688218913082003ED717 /* SDWebImageCompat.m */ = {isa = PBXFileReference; fileEncoding = 4; lastKnownFileType = sourcecode.c.objc; path = SDWebImageCompat.m; sourceTree = "<group>"; };
		6CBF688318913082003ED717 /* SDWebImageDecoder.h */ = {isa = PBXFileReference; fileEncoding = 4; lastKnownFileType = sourcecode.c.h; path = SDWebImageDecoder.h; sourceTree = "<group>"; };
		6CBF688418913082003ED717 /* SDWebImageDecoder.m */ = {isa = PBXFileReference; fileEncoding = 4; lastKnownFileType = sourcecode.c.objc; path = SDWebImageDecoder.m; sourceTree = "<group>"; };
		6CBF688518913082003ED717 /* SDWebImageDownloader.h */ = {isa = PBXFileReference; fileEncoding = 4; lastKnownFileType = sourcecode.c.h; path = SDWebImageDownloader.h; sourceTree = "<group>"; };
		6CBF688618913082003ED717 /* SDWebImageDownloader.m */ = {isa = PBXFileReference; fileEncoding = 4; lastKnownFileType = sourcecode.c.objc; path = SDWebImageDownloader.m; sourceTree = "<group>"; };
		6CBF688718913082003ED717 /* SDWebImageDownloaderOperation.h */ = {isa = PBXFileReference; fileEncoding = 4; lastKnownFileType = sourcecode.c.h; path = SDWebImageDownloaderOperation.h; sourceTree = "<group>"; };
		6CBF688818913082003ED717 /* SDWebImageDownloaderOperation.m */ = {isa = PBXFileReference; fileEncoding = 4; lastKnownFileType = sourcecode.c.objc; path = SDWebImageDownloaderOperation.m; sourceTree = "<group>"; };
		6CBF688918913082003ED717 /* SDWebImageManager.h */ = {isa = PBXFileReference; fileEncoding = 4; lastKnownFileType = sourcecode.c.h; path = SDWebImageManager.h; sourceTree = "<group>"; };
		6CBF688A18913082003ED717 /* SDWebImageManager.m */ = {isa = PBXFileReference; fileEncoding = 4; lastKnownFileType = sourcecode.c.objc; path = SDWebImageManager.m; sourceTree = "<group>"; };
		6CBF688B18913082003ED717 /* SDWebImageOperation.h */ = {isa = PBXFileReference; fileEncoding = 4; lastKnownFileType = sourcecode.c.h; path = SDWebImageOperation.h; sourceTree = "<group>"; };
		6CBF688C18913082003ED717 /* SDWebImagePrefetcher.h */ = {isa = PBXFileReference; fileEncoding = 4; lastKnownFileType = sourcecode.c.h; path = SDWebImagePrefetcher.h; sourceTree = "<group>"; };
		6CBF688D18913082003ED717 /* SDWebImagePrefetcher.m */ = {isa = PBXFileReference; fileEncoding = 4; lastKnownFileType = sourcecode.c.objc; path = SDWebImagePrefetcher.m; sourceTree = "<group>"; };
		6CBF688E18913082003ED717 /* UIButton+WebCache.h */ = {isa = PBXFileReference; fileEncoding = 4; lastKnownFileType = sourcecode.c.h; path = "UIButton+WebCache.h"; sourceTree = "<group>"; };
		6CBF688F18913082003ED717 /* UIButton+WebCache.m */ = {isa = PBXFileReference; fileEncoding = 4; lastKnownFileType = sourcecode.c.objc; path = "UIButton+WebCache.m"; sourceTree = "<group>"; };
		6CBF689018913082003ED717 /* UIImage+GIF.h */ = {isa = PBXFileReference; fileEncoding = 4; lastKnownFileType = sourcecode.c.h; path = "UIImage+GIF.h"; sourceTree = "<group>"; };
		6CBF689118913082003ED717 /* UIImage+GIF.m */ = {isa = PBXFileReference; fileEncoding = 4; lastKnownFileType = sourcecode.c.objc; path = "UIImage+GIF.m"; sourceTree = "<group>"; };
		6CBF689218913082003ED717 /* UIImage+MultiFormat.h */ = {isa = PBXFileReference; fileEncoding = 4; lastKnownFileType = sourcecode.c.h; path = "UIImage+MultiFormat.h"; sourceTree = "<group>"; };
		6CBF689318913082003ED717 /* UIImage+MultiFormat.m */ = {isa = PBXFileReference; fileEncoding = 4; lastKnownFileType = sourcecode.c.objc; path = "UIImage+MultiFormat.m"; sourceTree = "<group>"; };
		6CBF689418913082003ED717 /* UIImage+WebP.h */ = {isa = PBXFileReference; fileEncoding = 4; lastKnownFileType = sourcecode.c.h; path = "UIImage+WebP.h"; sourceTree = "<group>"; };
		6CBF689518913082003ED717 /* UIImage+WebP.m */ = {isa = PBXFileReference; fileEncoding = 4; lastKnownFileType = sourcecode.c.objc; path = "UIImage+WebP.m"; sourceTree = "<group>"; };
		6CBF689618913082003ED717 /* UIImageView+WebCache.h */ = {isa = PBXFileReference; fileEncoding = 4; lastKnownFileType = sourcecode.c.h; path = "UIImageView+WebCache.h"; sourceTree = "<group>"; };
		6CBF689718913082003ED717 /* UIImageView+WebCache.m */ = {isa = PBXFileReference; fileEncoding = 4; lastKnownFileType = sourcecode.c.objc; path = "UIImageView+WebCache.m"; sourceTree = "<group>"; };
		6CBF68A618913097003ED717 /* ImageIO.framework */ = {isa = PBXFileReference; lastKnownFileType = wrapper.framework; name = ImageIO.framework; path = System/Library/Frameworks/ImageIO.framework; sourceTree = SDKROOT; };
		6CDFB1E118A8E66000651AC5 /* RaenAPI.h */ = {isa = PBXFileReference; fileEncoding = 4; lastKnownFileType = sourcecode.c.h; path = RaenAPI.h; sourceTree = "<group>"; };
		6CDFB1E218A8E66000651AC5 /* RaenAPI.m */ = {isa = PBXFileReference; fileEncoding = 4; lastKnownFileType = sourcecode.c.objc; path = RaenAPI.m; sourceTree = "<group>"; };
/* End PBXFileReference section */

/* Begin PBXFrameworksBuildPhase section */
		6C5473C2188405130069E62B /* Frameworks */ = {
			isa = PBXFrameworksBuildPhase;
			buildActionMask = 2147483647;
			files = (
				6CBF68A718913097003ED717 /* ImageIO.framework in Frameworks */,
				6C5473CB188405130069E62B /* CoreGraphics.framework in Frameworks */,
				6C5473CD188405130069E62B /* UIKit.framework in Frameworks */,
				6C5473C9188405130069E62B /* Foundation.framework in Frameworks */,
			);
			runOnlyForDeploymentPostprocessing = 0;
		};
		6C5473E9188405130069E62B /* Frameworks */ = {
			isa = PBXFrameworksBuildPhase;
			buildActionMask = 2147483647;
			files = (
				6C5473EE188405130069E62B /* XCTest.framework in Frameworks */,
				6C5473F0188405140069E62B /* UIKit.framework in Frameworks */,
				6C5473EF188405140069E62B /* Foundation.framework in Frameworks */,
			);
			runOnlyForDeploymentPostprocessing = 0;
		};
/* End PBXFrameworksBuildPhase section */

/* Begin PBXGroup section */
		6C5473BC188405130069E62B = {
			isa = PBXGroup;
			children = (
				6C5473CE188405130069E62B /* raen */,
				6C5473C7188405130069E62B /* Frameworks */,
				6C5473C6188405130069E62B /* Products */,
			);
			sourceTree = "<group>";
		};
		6C5473C6188405130069E62B /* Products */ = {
			isa = PBXGroup;
			children = (
				6C5473C5188405130069E62B /* raenapp.app */,
				6C5473EC188405130069E62B /* raenappTests.xctest */,
			);
			name = Products;
			sourceTree = "<group>";
		};
		6C5473C7188405130069E62B /* Frameworks */ = {
			isa = PBXGroup;
			children = (
				6CBF68A618913097003ED717 /* ImageIO.framework */,
				6C5473C8188405130069E62B /* Foundation.framework */,
				6C5473CA188405130069E62B /* CoreGraphics.framework */,
				6C5473CC188405130069E62B /* UIKit.framework */,
				6C5473ED188405130069E62B /* XCTest.framework */,
			);
			name = Frameworks;
			sourceTree = "<group>";
		};
		6C5473CE188405130069E62B /* raen */ = {
			isa = PBXGroup;
			children = (
				6CBAF2D118AB3FFE00426647 /* Cells */,
				6CBAF2E118AB401B00426647 /* Controllers */,
				6CBAF29A18AB3FF100426647 /* Model */,
				6CBF687A18913082003ED717 /* SDWebImage */,
				6CBF68661890E22B003ED717 /* HUD */,
				6C5473D7188405130069E62B /* AppDelegate.h */,
				6C5473D8188405130069E62B /* AppDelegate.m */,
				6CDFB1E118A8E66000651AC5 /* RaenAPI.h */,
				6CDFB1E218A8E66000651AC5 /* RaenAPI.m */,
				6C5473E6188405130069E62B /* Images.xcassets */,
				6C5473CF188405130069E62B /* Supporting Files */,
				6C5473DA188405130069E62B /* Main_iPhone.storyboard */,
				6C5473DD188405130069E62B /* Main_iPad.storyboard */,
			);
			path = raen;
			sourceTree = "<group>";
		};
		6C5473CF188405130069E62B /* Supporting Files */ = {
			isa = PBXGroup;
			children = (
				6C5473D0188405130069E62B /* raenapp-Info.plist */,
				6C5473D1188405130069E62B /* InfoPlist.strings */,
				6C5473D4188405130069E62B /* main.m */,
				6C5473D6188405130069E62B /* raenapp-Prefix.pch */,
			);
			name = "Supporting Files";
			sourceTree = "<group>";
		};
		6CBAF29A18AB3FF100426647 /* Model */ = {
			isa = PBXGroup;
			children = (
				6CBAF29B18AB3FF100426647 /* CartItemModel.h */,
				6CBAF29C18AB3FF100426647 /* CartItemModel.m */,
				6CBAF29D18AB3FF100426647 /* CategoryModel.h */,
				6CBAF29E18AB3FF100426647 /* CategoryModel.m */,
				6CBAF29F18AB3FF100426647 /* ChildrenModel.h */,
				6CBAF2A018AB3FF100426647 /* ChildrenModel.m */,
				6CBAF2A118AB3FF100426647 /* GoodModel.h */,
				6CBAF2A218AB3FF100426647 /* GoodModel.m */,
				6CBAF2A318AB3FF100426647 /* ImageModel.h */,
				6CBAF2A418AB3FF100426647 /* ImageModel.m */,
				6CBAF2A518AB3FF100426647 /* ItemModel.h */,
				6CBAF2A618AB3FF100426647 /* ItemModel.m */,
				6CBAF2A718AB3FF100426647 /* JSONModel */,
			);
			path = Model;
			sourceTree = "<group>";
		};
		6CBAF2A718AB3FF100426647 /* JSONModel */ = {
			isa = PBXGroup;
			children = (
				6CBAF2A818AB3FF100426647 /* JSONModel */,
				6CBAF2B118AB3FF100426647 /* JSONModelCategories */,
				6CBAF2B418AB3FF100426647 /* JSONModelLib.h */,
				6CBAF2B518AB3FF100426647 /* JSONModelNetworking */,
				6CBAF2BC18AB3FF100426647 /* JSONModelTransformations */,
			);
			path = JSONModel;
			sourceTree = "<group>";
		};
		6CBAF2A818AB3FF100426647 /* JSONModel */ = {
			isa = PBXGroup;
			children = (
				6CBAF2A918AB3FF100426647 /* JSONModel.h */,
				6CBAF2AA18AB3FF100426647 /* JSONModel.m */,
				6CBAF2AB18AB3FF100426647 /* JSONModelArray.h */,
				6CBAF2AC18AB3FF100426647 /* JSONModelArray.m */,
				6CBAF2AD18AB3FF100426647 /* JSONModelClassProperty.h */,
				6CBAF2AE18AB3FF100426647 /* JSONModelClassProperty.m */,
				6CBAF2AF18AB3FF100426647 /* JSONModelError.h */,
				6CBAF2B018AB3FF100426647 /* JSONModelError.m */,
			);
			path = JSONModel;
			sourceTree = "<group>";
		};
		6CBAF2B118AB3FF100426647 /* JSONModelCategories */ = {
			isa = PBXGroup;
			children = (
				6CBAF2B218AB3FF100426647 /* NSArray+JSONModel.h */,
				6CBAF2B318AB3FF100426647 /* NSArray+JSONModel.m */,
			);
			path = JSONModelCategories;
			sourceTree = "<group>";
		};
		6CBAF2B518AB3FF100426647 /* JSONModelNetworking */ = {
			isa = PBXGroup;
			children = (
				6CBAF2B618AB3FF100426647 /* JSONAPI.h */,
				6CBAF2B718AB3FF100426647 /* JSONAPI.m */,
				6CBAF2B818AB3FF100426647 /* JSONHTTPClient.h */,
				6CBAF2B918AB3FF100426647 /* JSONHTTPClient.m */,
				6CBAF2BA18AB3FF100426647 /* JSONModel+networking.h */,
				6CBAF2BB18AB3FF100426647 /* JSONModel+networking.m */,
			);
			path = JSONModelNetworking;
			sourceTree = "<group>";
		};
		6CBAF2BC18AB3FF100426647 /* JSONModelTransformations */ = {
			isa = PBXGroup;
			children = (
				6CBAF2BD18AB3FF100426647 /* JSONKeyMapper.h */,
				6CBAF2BE18AB3FF100426647 /* JSONKeyMapper.m */,
				6CBAF2BF18AB3FF100426647 /* JSONValueTransformer.h */,
				6CBAF2C018AB3FF100426647 /* JSONValueTransformer.m */,
			);
			path = JSONModelTransformations;
			sourceTree = "<group>";
		};
		6CBAF2D118AB3FFE00426647 /* Cells */ = {
			isa = PBXGroup;
			children = (
				6CBAF2D218AB3FFE00426647 /* CartItemCell.h */,
				6CBAF2D318AB3FFE00426647 /* CartItemCell.m */,
				6CBAF2D418AB3FFE00426647 /* CVCell.h */,
				6CBAF2D518AB3FFE00426647 /* CVCell.m */,
				6CBAF2D618AB3FFE00426647 /* ItemCardCell.h */,
				6CBAF2D718AB3FFE00426647 /* ItemCardCell.m */,
				6CBAF2D818AB3FFE00426647 /* ItemCell.h */,
				6CBAF2D918AB3FFE00426647 /* ItemCell.m */,
				6CBAF2DA18AB3FFE00426647 /* TVCell.h */,
				6CBAF2DB18AB3FFE00426647 /* TVCell.m */,
			);
			path = Cells;
			sourceTree = "<group>";
		};
		6CBAF2E118AB401B00426647 /* Controllers */ = {
			isa = PBXGroup;
			children = (
				6CBAF2E218AB401B00426647 /* GridItemsVC.h */,
				6CBAF2E318AB401B00426647 /* GridItemsVC.m */,
				6CBAF2E418AB401B00426647 /* IndexedCV.h */,
				6CBAF2E518AB401B00426647 /* IndexedCV.m */,
				6CBAF2E618AB401B00426647 /* ItemCardViewController.h */,
				6CBAF2E718AB401B00426647 /* ItemCardViewController.m */,
				6CBAF2EA18AB401B00426647 /* TVController.h */,
				6CBAF2EB18AB401B00426647 /* TVController.m */,
				6C6472CA18ABD845001028DE /* CartViewController.h */,
				6C6472CB18ABD845001028DE /* CartViewController.m */,
			);
			path = Controllers;
			sourceTree = "<group>";
		};
		6CBF68661890E22B003ED717 /* HUD */ = {
			isa = PBXGroup;
			children = (
				6CBF68671890E22B003ED717 /* btnCheck.png */,
				6CBF68681890E22B003ED717 /* btnCheck@2x.png */,
				6CBF68691890E22B003ED717 /* HUD.h */,
				6CBF686A1890E22B003ED717 /* HUD.m */,
				6CBF686B1890E22B003ED717 /* MBProgressHUD.h */,
				6CBF686C1890E22B003ED717 /* MBProgressHUD.m */,
			);
			path = HUD;
			sourceTree = "<group>";
		};
		6CBF687A18913082003ED717 /* SDWebImage */ = {
			isa = PBXGroup;
			children = (
				6CBF687B18913082003ED717 /* MKAnnotationView+WebCache.h */,
				6CBF687C18913082003ED717 /* MKAnnotationView+WebCache.m */,
				6CBF687D18913082003ED717 /* NSData+ImageContentType.h */,
				6CBF687E18913082003ED717 /* NSData+ImageContentType.m */,
				6CBF687F18913082003ED717 /* SDImageCache.h */,
				6CBF688018913082003ED717 /* SDImageCache.m */,
				6CBF688118913082003ED717 /* SDWebImageCompat.h */,
				6CBF688218913082003ED717 /* SDWebImageCompat.m */,
				6CBF688318913082003ED717 /* SDWebImageDecoder.h */,
				6CBF688418913082003ED717 /* SDWebImageDecoder.m */,
				6CBF688518913082003ED717 /* SDWebImageDownloader.h */,
				6CBF688618913082003ED717 /* SDWebImageDownloader.m */,
				6CBF688718913082003ED717 /* SDWebImageDownloaderOperation.h */,
				6CBF688818913082003ED717 /* SDWebImageDownloaderOperation.m */,
				6CBF688918913082003ED717 /* SDWebImageManager.h */,
				6CBF688A18913082003ED717 /* SDWebImageManager.m */,
				6CBF688B18913082003ED717 /* SDWebImageOperation.h */,
				6CBF688C18913082003ED717 /* SDWebImagePrefetcher.h */,
				6CBF688D18913082003ED717 /* SDWebImagePrefetcher.m */,
				6CBF688E18913082003ED717 /* UIButton+WebCache.h */,
				6CBF688F18913082003ED717 /* UIButton+WebCache.m */,
				6CBF689018913082003ED717 /* UIImage+GIF.h */,
				6CBF689118913082003ED717 /* UIImage+GIF.m */,
				6CBF689218913082003ED717 /* UIImage+MultiFormat.h */,
				6CBF689318913082003ED717 /* UIImage+MultiFormat.m */,
				6CBF689418913082003ED717 /* UIImage+WebP.h */,
				6CBF689518913082003ED717 /* UIImage+WebP.m */,
				6CBF689618913082003ED717 /* UIImageView+WebCache.h */,
				6CBF689718913082003ED717 /* UIImageView+WebCache.m */,
			);
			path = SDWebImage;
			sourceTree = "<group>";
		};
/* End PBXGroup section */

/* Begin PBXNativeTarget section */
		6C5473C4188405130069E62B /* raenapp */ = {
			isa = PBXNativeTarget;
			buildConfigurationList = 6C5473FD188405140069E62B /* Build configuration list for PBXNativeTarget "raenapp" */;
			buildPhases = (
				6C5473C1188405130069E62B /* Sources */,
				6C5473C2188405130069E62B /* Frameworks */,
				6C5473C3188405130069E62B /* Resources */,
			);
			buildRules = (
			);
			dependencies = (
			);
			name = raenapp;
			productName = raen;
			productReference = 6C5473C5188405130069E62B /* raenapp.app */;
			productType = "com.apple.product-type.application";
		};
		6C5473EB188405130069E62B /* raenappTests */ = {
			isa = PBXNativeTarget;
			buildConfigurationList = 6C547400188405140069E62B /* Build configuration list for PBXNativeTarget "raenappTests" */;
			buildPhases = (
				6C5473E8188405130069E62B /* Sources */,
				6C5473E9188405130069E62B /* Frameworks */,
				6C5473EA188405130069E62B /* Resources */,
			);
			buildRules = (
			);
			dependencies = (
				6C5473F2188405140069E62B /* PBXTargetDependency */,
			);
			name = raenappTests;
			productName = raenTests;
			productReference = 6C5473EC188405130069E62B /* raenappTests.xctest */;
			productType = "com.apple.product-type.bundle.unit-test";
		};
/* End PBXNativeTarget section */

/* Begin PBXProject section */
		6C5473BD188405130069E62B /* Project object */ = {
			isa = PBXProject;
			attributes = {
				LastUpgradeCheck = 0500;
				ORGANIZATIONNAME = "Aleksey Ivanov";
				TargetAttributes = {
					6C5473EB188405130069E62B = {
						TestTargetID = 6C5473C4188405130069E62B;
					};
				};
			};
			buildConfigurationList = 6C5473C0188405130069E62B /* Build configuration list for PBXProject "raenapp" */;
			compatibilityVersion = "Xcode 3.2";
			developmentRegion = English;
			hasScannedForEncodings = 0;
			knownRegions = (
				en,
				Base,
			);
			mainGroup = 6C5473BC188405130069E62B;
			productRefGroup = 6C5473C6188405130069E62B /* Products */;
			projectDirPath = "";
			projectRoot = "";
			targets = (
				6C5473C4188405130069E62B /* raenapp */,
				6C5473EB188405130069E62B /* raenappTests */,
			);
		};
/* End PBXProject section */

/* Begin PBXResourcesBuildPhase section */
		6C5473C3188405130069E62B /* Resources */ = {
			isa = PBXResourcesBuildPhase;
			buildActionMask = 2147483647;
			files = (
				6CBF686E1890E22B003ED717 /* btnCheck@2x.png in Resources */,
				6C5473DF188405130069E62B /* Main_iPad.storyboard in Resources */,
				6CBF686D1890E22B003ED717 /* btnCheck.png in Resources */,
				6C5473E7188405130069E62B /* Images.xcassets in Resources */,
				6C5473DC188405130069E62B /* Main_iPhone.storyboard in Resources */,
				6C5473D3188405130069E62B /* InfoPlist.strings in Resources */,
			);
			runOnlyForDeploymentPostprocessing = 0;
		};
		6C5473EA188405130069E62B /* Resources */ = {
			isa = PBXResourcesBuildPhase;
			buildActionMask = 2147483647;
			files = (
			);
			runOnlyForDeploymentPostprocessing = 0;
		};
/* End PBXResourcesBuildPhase section */

/* Begin PBXSourcesBuildPhase section */
		6C5473C1188405130069E62B /* Sources */ = {
			isa = PBXSourcesBuildPhase;
			buildActionMask = 2147483647;
			files = (
				6CBAF2C318AB3FF100426647 /* ChildrenModel.m in Sources */,
				6CBAF2CA18AB3FF100426647 /* JSONModelError.m in Sources */,
				6CBAF2DE18AB3FFE00426647 /* ItemCardCell.m in Sources */,
				6CBAF2CC18AB3FF100426647 /* JSONAPI.m in Sources */,
				6CBF68A218913082003ED717 /* UIImage+GIF.m in Sources */,
				6CBAF2CD18AB3FF100426647 /* JSONHTTPClient.m in Sources */,
				6CBAF2DF18AB3FFE00426647 /* ItemCell.m in Sources */,
				6CBAF2EC18AB401B00426647 /* GridItemsVC.m in Sources */,
				6CBAF2EE18AB401B00426647 /* ItemCardViewController.m in Sources */,
				6CBAF2C218AB3FF100426647 /* CategoryModel.m in Sources */,
				6CBAF2C518AB3FF100426647 /* ImageModel.m in Sources */,
				6CBAF2C418AB3FF100426647 /* GoodModel.m in Sources */,
				6CBF68A118913082003ED717 /* UIButton+WebCache.m in Sources */,
				6CBAF2C618AB3FF100426647 /* ItemModel.m in Sources */,
				6CBF68A318913082003ED717 /* UIImage+MultiFormat.m in Sources */,
				6CBAF2E018AB3FFE00426647 /* TVCell.m in Sources */,
				6CBF689C18913082003ED717 /* SDWebImageDecoder.m in Sources */,
				6CBAF2C718AB3FF100426647 /* JSONModel.m in Sources */,
				6C5473D9188405130069E62B /* AppDelegate.m in Sources */,
				6C6472CC18ABD845001028DE /* CartViewController.m in Sources */,
				6CBAF2F018AB401B00426647 /* TVController.m in Sources */,
				6CBF68701890E22B003ED717 /* MBProgressHUD.m in Sources */,
				6CBF68A518913082003ED717 /* UIImageView+WebCache.m in Sources */,
				6CBF689918913082003ED717 /* NSData+ImageContentType.m in Sources */,
				6CDFB1E318A8E66000651AC5 /* RaenAPI.m in Sources */,
				6CBAF2DC18AB3FFE00426647 /* CartItemCell.m in Sources */,
				6CBAF2D018AB3FF100426647 /* JSONValueTransformer.m in Sources */,
				6CBAF2DD18AB3FFE00426647 /* CVCell.m in Sources */,
				6CBAF2CB18AB3FF100426647 /* NSArray+JSONModel.m in Sources */,
				6CBF689D18913082003ED717 /* SDWebImageDownloader.m in Sources */,
				6CBF689B18913082003ED717 /* SDWebImageCompat.m in Sources */,
				6CBF686F1890E22B003ED717 /* HUD.m in Sources */,
				6CBAF2C118AB3FF100426647 /* CartItemModel.m in Sources */,
				6CBF689818913082003ED717 /* MKAnnotationView+WebCache.m in Sources */,
				6CBF68A018913082003ED717 /* SDWebImagePrefetcher.m in Sources */,
				6CBAF2C918AB3FF100426647 /* JSONModelClassProperty.m in Sources */,
				6CBAF2C818AB3FF100426647 /* JSONModelArray.m in Sources */,
				6CBF689E18913082003ED717 /* SDWebImageDownloaderOperation.m in Sources */,
				6CBAF2CF18AB3FF100426647 /* JSONKeyMapper.m in Sources */,
				6CBAF2CE18AB3FF100426647 /* JSONModel+networking.m in Sources */,
				6C5473D5188405130069E62B /* main.m in Sources */,
				6CBAF2ED18AB401B00426647 /* IndexedCV.m in Sources */,
				6CBF689F18913082003ED717 /* SDWebImageManager.m in Sources */,
				6CBF68A418913082003ED717 /* UIImage+WebP.m in Sources */,
				6CBF689A18913082003ED717 /* SDImageCache.m in Sources */,
			);
			runOnlyForDeploymentPostprocessing = 0;
		};
		6C5473E8188405130069E62B /* Sources */ = {
			isa = PBXSourcesBuildPhase;
			buildActionMask = 2147483647;
			files = (
			);
			runOnlyForDeploymentPostprocessing = 0;
		};
/* End PBXSourcesBuildPhase section */

/* Begin PBXTargetDependency section */
		6C5473F2188405140069E62B /* PBXTargetDependency */ = {
			isa = PBXTargetDependency;
			target = 6C5473C4188405130069E62B /* raenapp */;
			targetProxy = 6C5473F1188405140069E62B /* PBXContainerItemProxy */;
		};
/* End PBXTargetDependency section */

/* Begin PBXVariantGroup section */
		6C5473D1188405130069E62B /* InfoPlist.strings */ = {
			isa = PBXVariantGroup;
			children = (
				6C5473D2188405130069E62B /* en */,
			);
			name = InfoPlist.strings;
			sourceTree = "<group>";
		};
		6C5473DA188405130069E62B /* Main_iPhone.storyboard */ = {
			isa = PBXVariantGroup;
			children = (
				6C5473DB188405130069E62B /* Base */,
			);
			name = Main_iPhone.storyboard;
			sourceTree = "<group>";
		};
		6C5473DD188405130069E62B /* Main_iPad.storyboard */ = {
			isa = PBXVariantGroup;
			children = (
				6C5473DE188405130069E62B /* Base */,
			);
			name = Main_iPad.storyboard;
			sourceTree = "<group>";
		};
/* End PBXVariantGroup section */

/* Begin XCBuildConfiguration section */
		6C5473FB188405140069E62B /* Debug */ = {
			isa = XCBuildConfiguration;
			buildSettings = {
				ALWAYS_SEARCH_USER_PATHS = NO;
				ARCHS = "$(ARCHS_STANDARD_INCLUDING_64_BIT)";
				CLANG_CXX_LANGUAGE_STANDARD = "gnu++0x";
				CLANG_CXX_LIBRARY = "libc++";
				CLANG_ENABLE_MODULES = YES;
				CLANG_ENABLE_OBJC_ARC = YES;
				CLANG_WARN_BOOL_CONVERSION = YES;
				CLANG_WARN_CONSTANT_CONVERSION = YES;
				CLANG_WARN_DIRECT_OBJC_ISA_USAGE = YES_ERROR;
				CLANG_WARN_EMPTY_BODY = YES;
				CLANG_WARN_ENUM_CONVERSION = YES;
				CLANG_WARN_INT_CONVERSION = YES;
				CLANG_WARN_OBJC_ROOT_CLASS = YES_ERROR;
				CLANG_WARN__DUPLICATE_METHOD_MATCH = YES;
				"CODE_SIGN_IDENTITY[sdk=iphoneos*]" = "iPhone Developer";
				COPY_PHASE_STRIP = NO;
				GCC_C_LANGUAGE_STANDARD = gnu99;
				GCC_DYNAMIC_NO_PIC = NO;
				GCC_OPTIMIZATION_LEVEL = 0;
				GCC_PREPROCESSOR_DEFINITIONS = (
					"DEBUG=1",
					"$(inherited)",
				);
				GCC_SYMBOLS_PRIVATE_EXTERN = NO;
				GCC_WARN_64_TO_32_BIT_CONVERSION = YES;
				GCC_WARN_ABOUT_RETURN_TYPE = YES_ERROR;
				GCC_WARN_UNDECLARED_SELECTOR = YES;
				GCC_WARN_UNINITIALIZED_AUTOS = YES;
				GCC_WARN_UNUSED_FUNCTION = YES;
				GCC_WARN_UNUSED_VARIABLE = YES;
				IPHONEOS_DEPLOYMENT_TARGET = 7.0;
				ONLY_ACTIVE_ARCH = YES;
				SDKROOT = iphoneos;
				TARGETED_DEVICE_FAMILY = "1,2";
			};
			name = Debug;
		};
		6C5473FC188405140069E62B /* Release */ = {
			isa = XCBuildConfiguration;
			buildSettings = {
				ALWAYS_SEARCH_USER_PATHS = NO;
				ARCHS = "$(ARCHS_STANDARD_INCLUDING_64_BIT)";
				CLANG_CXX_LANGUAGE_STANDARD = "gnu++0x";
				CLANG_CXX_LIBRARY = "libc++";
				CLANG_ENABLE_MODULES = YES;
				CLANG_ENABLE_OBJC_ARC = YES;
				CLANG_WARN_BOOL_CONVERSION = YES;
				CLANG_WARN_CONSTANT_CONVERSION = YES;
				CLANG_WARN_DIRECT_OBJC_ISA_USAGE = YES_ERROR;
				CLANG_WARN_EMPTY_BODY = YES;
				CLANG_WARN_ENUM_CONVERSION = YES;
				CLANG_WARN_INT_CONVERSION = YES;
				CLANG_WARN_OBJC_ROOT_CLASS = YES_ERROR;
				CLANG_WARN__DUPLICATE_METHOD_MATCH = YES;
				"CODE_SIGN_IDENTITY[sdk=iphoneos*]" = "iPhone Developer";
				COPY_PHASE_STRIP = YES;
				ENABLE_NS_ASSERTIONS = NO;
				GCC_C_LANGUAGE_STANDARD = gnu99;
				GCC_WARN_64_TO_32_BIT_CONVERSION = YES;
				GCC_WARN_ABOUT_RETURN_TYPE = YES_ERROR;
				GCC_WARN_UNDECLARED_SELECTOR = YES;
				GCC_WARN_UNINITIALIZED_AUTOS = YES;
				GCC_WARN_UNUSED_FUNCTION = YES;
				GCC_WARN_UNUSED_VARIABLE = YES;
				IPHONEOS_DEPLOYMENT_TARGET = 7.0;
				SDKROOT = iphoneos;
				TARGETED_DEVICE_FAMILY = "1,2";
				VALIDATE_PRODUCT = YES;
			};
			name = Release;
		};
		6C5473FE188405140069E62B /* Debug */ = {
			isa = XCBuildConfiguration;
			buildSettings = {
				ASSETCATALOG_COMPILER_APPICON_NAME = AppIcon;
				ASSETCATALOG_COMPILER_LAUNCHIMAGE_NAME = LaunchImage;
				GCC_PRECOMPILE_PREFIX_HEADER = YES;
				GCC_PREFIX_HEADER = "raen/raenapp-Prefix.pch";
				INFOPLIST_FILE = "raen/raenapp-Info.plist";
				PRODUCT_NAME = raenapp;
				WRAPPER_EXTENSION = app;
			};
			name = Debug;
		};
		6C5473FF188405140069E62B /* Release */ = {
			isa = XCBuildConfiguration;
			buildSettings = {
				ASSETCATALOG_COMPILER_APPICON_NAME = AppIcon;
				ASSETCATALOG_COMPILER_LAUNCHIMAGE_NAME = LaunchImage;
				GCC_PRECOMPILE_PREFIX_HEADER = YES;
				GCC_PREFIX_HEADER = "raen/raenapp-Prefix.pch";
				INFOPLIST_FILE = "raen/raenapp-Info.plist";
				PRODUCT_NAME = raenapp;
				WRAPPER_EXTENSION = app;
			};
			name = Release;
		};
		6C547401188405140069E62B /* Debug */ = {
			isa = XCBuildConfiguration;
			buildSettings = {
				ARCHS = "$(ARCHS_STANDARD_INCLUDING_64_BIT)";
				BUNDLE_LOADER = "$(BUILT_PRODUCTS_DIR)/raen.app/raen";
				FRAMEWORK_SEARCH_PATHS = (
					"$(SDKROOT)/Developer/Library/Frameworks",
					"$(inherited)",
					"$(DEVELOPER_FRAMEWORKS_DIR)",
				);
				GCC_PRECOMPILE_PREFIX_HEADER = YES;
				GCC_PREFIX_HEADER = "raen/raen-Prefix.pch";
				GCC_PREPROCESSOR_DEFINITIONS = (
					"DEBUG=1",
					"$(inherited)",
				);
				INFOPLIST_FILE = "raenTests/raenappTests-Info.plist";
				PRODUCT_NAME = raenappTests;
				TEST_HOST = "$(BUNDLE_LOADER)";
				WRAPPER_EXTENSION = xctest;
			};
			name = Debug;
		};
		6C547402188405140069E62B /* Release */ = {
			isa = XCBuildConfiguration;
			buildSettings = {
				ARCHS = "$(ARCHS_STANDARD_INCLUDING_64_BIT)";
				BUNDLE_LOADER = "$(BUILT_PRODUCTS_DIR)/raen.app/raen";
				FRAMEWORK_SEARCH_PATHS = (
					"$(SDKROOT)/Developer/Library/Frameworks",
					"$(inherited)",
					"$(DEVELOPER_FRAMEWORKS_DIR)",
				);
				GCC_PRECOMPILE_PREFIX_HEADER = YES;
				GCC_PREFIX_HEADER = "raen/raen-Prefix.pch";
				INFOPLIST_FILE = "raenTests/raenappTests-Info.plist";
				PRODUCT_NAME = raenappTests;
				TEST_HOST = "$(BUNDLE_LOADER)";
				WRAPPER_EXTENSION = xctest;
			};
			name = Release;
		};
/* End XCBuildConfiguration section */

/* Begin XCConfigurationList section */
		6C5473C0188405130069E62B /* Build configuration list for PBXProject "raenapp" */ = {
			isa = XCConfigurationList;
			buildConfigurations = (
				6C5473FB188405140069E62B /* Debug */,
				6C5473FC188405140069E62B /* Release */,
			);
			defaultConfigurationIsVisible = 0;
			defaultConfigurationName = Release;
		};
		6C5473FD188405140069E62B /* Build configuration list for PBXNativeTarget "raenapp" */ = {
			isa = XCConfigurationList;
			buildConfigurations = (
				6C5473FE188405140069E62B /* Debug */,
				6C5473FF188405140069E62B /* Release */,
			);
			defaultConfigurationIsVisible = 0;
			defaultConfigurationName = Release;
		};
		6C547400188405140069E62B /* Build configuration list for PBXNativeTarget "raenappTests" */ = {
			isa = XCConfigurationList;
			buildConfigurations = (
				6C547401188405140069E62B /* Debug */,
				6C547402188405140069E62B /* Release */,
			);
			defaultConfigurationIsVisible = 0;
			defaultConfigurationName = Release;
		};
/* End XCConfigurationList section */
	};
	rootObject = 6C5473BD188405130069E62B /* Project object */;
}
